github.com/faiface/pixel v0.8.0 h1:phOHW6ixfMAKRamjnvhI6FFI2VRyPEq7+LmmkDGXB/4=
github.com/faiface/pixel v0.8.0/go.mod h1:CEUU/s9E82Kqp01Boj1O67KnBskqiLghANqvUJGgDAM=
golang.org/x/sync v0.0.0-20200317015054-43a5402ce75a h1:WXEvlFVvvGxCJLG6REjsT03iWnKLEWinaScsxF2Vm2o=
golang.org/x/sync v0.0.0-20200317015054-43a5402ce75a/go.mod h1:RxMgew5VJxzue5/jJTE5uejpjVlOe/izrB70Jof72aM=
